
Microsoft Visual Studio Solution File, Format Version 12.00
# Visual Studio Version 17
VisualStudioVersion = 17.7.34018.315
MinimumVisualStudioVersion = 10.0.40219.1
Project("{9A19103F-16F7-4668-BE54-9A1E7A4F7556}") = "WahlApp.Api", "src\WahlApp.Api\WahlApp.Api.csproj", "{BA53D1AE-5492-46E1-AB73-091C77C4A3CC}"
EndProject
Global
	GlobalSection(SolutionConfigurationPlatforms) = preSolution
		Debug|Any CPU = Debug|Any CPU
		Release|Any CPU = Release|Any CPU
	EndGlobalSection
	GlobalSection(ProjectConfigurationPlatforms) = postSolution
		{BA53D1AE-5492-46E1-AB73-091C77C4A3CC}.Debug|Any CPU.ActiveCfg = Debug|Any CPU
		{BA53D1AE-5492-46E1-AB73-091C77C4A3CC}.Debug|Any CPU.Build.0 = Debug|Any CPU
		{BA53D1AE-5492-46E1-AB73-091C77C4A3CC}.Release|Any CPU.ActiveCfg = Release|Any CPU
		{BA53D1AE-5492-46E1-AB73-091C77C4A3CC}.Release|Any CPU.Build.0 = Release|Any CPU
	EndGlobalSection
	GlobalSection(SolutionProperties) = preSolution
		HideSolutionNode = FALSE
	EndGlobalSection
	GlobalSection(ExtensibilityGlobals) = postSolution
		SolutionGuid = {B351CB38-7D4D-4F83-9EE9-51B18FB56F5F}
	EndGlobalSection
EndGlobal
